// !$*UTF8*$!
{
	archiveVersion = 1;
	classes = {
	};
	objectVersion = 50;
	objects = {

/* Begin PBXBuildFile section */
		0E0EE38A23E2DB97008EB59E /* AppDelegate.swift in Sources */ = {isa = PBXBuildFile; fileRef = 0E0EE38923E2DB97008EB59E /* AppDelegate.swift */; };
		0E0EE38C23E2DB97008EB59E /* SceneDelegate.swift in Sources */ = {isa = PBXBuildFile; fileRef = 0E0EE38B23E2DB97008EB59E /* SceneDelegate.swift */; };
		0E0EE38E23E2DB97008EB59E /* ViewController.swift in Sources */ = {isa = PBXBuildFile; fileRef = 0E0EE38D23E2DB97008EB59E /* ViewController.swift */; };
		0E0EE39123E2DB97008EB59E /* Main.storyboard in Resources */ = {isa = PBXBuildFile; fileRef = 0E0EE38F23E2DB97008EB59E /* Main.storyboard */; };
		0E0EE39323E2DB97008EB59E /* Assets.xcassets in Resources */ = {isa = PBXBuildFile; fileRef = 0E0EE39223E2DB97008EB59E /* Assets.xcassets */; };
		0E0EE39623E2DB97008EB59E /* LaunchScreen.storyboard in Resources */ = {isa = PBXBuildFile; fileRef = 0E0EE39423E2DB97008EB59E /* LaunchScreen.storyboard */; };
		0E0EE3A623E2E45F008EB59E /* Razorpay.framework in Frameworks */ = {isa = PBXBuildFile; fileRef = 0E0EE3A123E2DC68008EB59E /* Razorpay.framework */; };
		0E0EE3A723E2E45F008EB59E /* Razorpay.framework in Embed Frameworks */ = {isa = PBXBuildFile; fileRef = 0E0EE3A123E2DC68008EB59E /* Razorpay.framework */; settings = {ATTRIBUTES = (CodeSignOnCopy, RemoveHeadersOnCopy, ); }; };
/* End PBXBuildFile section */

/* Begin PBXCopyFilesBuildPhase section */
		0E0EE3A823E2E45F008EB59E /* Embed Frameworks */ = {
			isa = PBXCopyFilesBuildPhase;
			buildActionMask = 2147483647;
			dstPath = "";
			dstSubfolderSpec = 10;
			files = (
				0E0EE3A723E2E45F008EB59E /* Razorpay.framework in Embed Frameworks */,
			);
			name = "Embed Frameworks";
			runOnlyForDeploymentPostprocessing = 0;
		};
/* End PBXCopyFilesBuildPhase section */

/* Begin PBXFileReference section */
		0E0EE38623E2DB97008EB59E /* customPayment.app */ = {isa = PBXFileReference; explicitFileType = wrapper.application; includeInIndex = 0; path = customPayment.app; sourceTree = BUILT_PRODUCTS_DIR; };
		0E0EE38923E2DB97008EB59E /* AppDelegate.swift */ = {isa = PBXFileReference; lastKnownFileType = sourcecode.swift; path = AppDelegate.swift; sourceTree = "<group>"; };
		0E0EE38B23E2DB97008EB59E /* SceneDelegate.swift */ = {isa = PBXFileReference; lastKnownFileType = sourcecode.swift; path = SceneDelegate.swift; sourceTree = "<group>"; };
		0E0EE38D23E2DB97008EB59E /* ViewController.swift */ = {isa = PBXFileReference; lastKnownFileType = sourcecode.swift; path = ViewController.swift; sourceTree = "<group>"; };
		0E0EE39023E2DB97008EB59E /* Base */ = {isa = PBXFileReference; lastKnownFileType = file.storyboard; name = Base; path = Base.lproj/Main.storyboard; sourceTree = "<group>"; };
		0E0EE39223E2DB97008EB59E /* Assets.xcassets */ = {isa = PBXFileReference; lastKnownFileType = folder.assetcatalog; path = Assets.xcassets; sourceTree = "<group>"; };
		0E0EE39523E2DB97008EB59E /* Base */ = {isa = PBXFileReference; lastKnownFileType = file.storyboard; name = Base; path = Base.lproj/LaunchScreen.storyboard; sourceTree = "<group>"; };
		0E0EE39723E2DB97008EB59E /* Info.plist */ = {isa = PBXFileReference; lastKnownFileType = text.plist.xml; path = Info.plist; sourceTree = "<group>"; };
		0E0EE3A123E2DC68008EB59E /* Razorpay.framework */ = {isa = PBXFileReference; lastKnownFileType = wrapper.framework; path = Razorpay.framework; sourceTree = "<group>"; };
/* End PBXFileReference section */

/* Begin PBXFrameworksBuildPhase section */
		0E0EE38323E2DB97008EB59E /* Frameworks */ = {
			isa = PBXFrameworksBuildPhase;
			buildActionMask = 2147483647;
			files = (
				0E0EE3A623E2E45F008EB59E /* Razorpay.framework in Frameworks */,
			);
			runOnlyForDeploymentPostprocessing = 0;
		};
/* End PBXFrameworksBuildPhase section */

/* Begin PBXGroup section */
		0E0EE37D23E2DB97008EB59E = {
			isa = PBXGroup;
			children = (
				0E0EE38823E2DB97008EB59E /* customPayment */,
				0E0EE38723E2DB97008EB59E /* Products */,
			);
			sourceTree = "<group>";
		};
		0E0EE38723E2DB97008EB59E /* Products */ = {
			isa = PBXGroup;
			children = (
				0E0EE38623E2DB97008EB59E /* customPayment.app */,
			);
			name = Products;
			sourceTree = "<group>";
		};
		0E0EE38823E2DB97008EB59E /* customPayment */ = {
			isa = PBXGroup;
			children = (
				0E0EE38923E2DB97008EB59E /* AppDelegate.swift */,
				0E0EE38B23E2DB97008EB59E /* SceneDelegate.swift */,
				0E0EE38D23E2DB97008EB59E /* ViewController.swift */,
				0E0EE3A123E2DC68008EB59E /* Razorpay.framework */,
				0E0EE38F23E2DB97008EB59E /* Main.storyboard */,
				0E0EE39223E2DB97008EB59E /* Assets.xcassets */,
				0E0EE39423E2DB97008EB59E /* LaunchScreen.storyboard */,
				0E0EE39723E2DB97008EB59E /* Info.plist */,
			);
			path = customPayment;
			sourceTree = "<group>";
		};
/* End PBXGroup section */

/* Begin PBXNativeTarget section */
		0E0EE38523E2DB97008EB59E /* customPayment */ = {
			isa = PBXNativeTarget;
			buildConfigurationList = 0E0EE39A23E2DB97008EB59E /* Build configuration list for PBXNativeTarget "customPayment" */;
			buildPhases = (
				0E0EE38223E2DB97008EB59E /* Sources */,
				0E0EE38323E2DB97008EB59E /* Frameworks */,
				0E0EE38423E2DB97008EB59E /* Resources */,
				0E0EE3A823E2E45F008EB59E /* Embed Frameworks */,
			);
			buildRules = (
			);
			dependencies = (
			);
			name = customPayment;
			productName = customPayment;
			productReference = 0E0EE38623E2DB97008EB59E /* customPayment.app */;
			productType = "com.apple.product-type.application";
		};
/* End PBXNativeTarget section */

/* Begin PBXProject section */
		0E0EE37E23E2DB97008EB59E /* Project object */ = {
			isa = PBXProject;
			attributes = {
				LastSwiftUpdateCheck = 1130;
				LastUpgradeCheck = 1130;
				ORGANIZATIONNAME = apoxeo;
				TargetAttributes = {
					0E0EE38523E2DB97008EB59E = {
						CreatedOnToolsVersion = 11.3.1;
					};
				};
			};
			buildConfigurationList = 0E0EE38123E2DB97008EB59E /* Build configuration list for PBXProject "customPayment" */;
			compatibilityVersion = "Xcode 9.3";
			developmentRegion = en;
			hasScannedForEncodings = 0;
			knownRegions = (
				en,
				Base,
			);
			mainGroup = 0E0EE37D23E2DB97008EB59E;
			productRefGroup = 0E0EE38723E2DB97008EB59E /* Products */;
			projectDirPath = "";
			projectRoot = "";
			targets = (
				0E0EE38523E2DB97008EB59E /* customPayment */,
			);
		};
/* End PBXProject section */

/* Begin PBXResourcesBuildPhase section */
		0E0EE38423E2DB97008EB59E /* Resources */ = {
			isa = PBXResourcesBuildPhase;
			buildActionMask = 2147483647;
			files = (
				0E0EE39623E2DB97008EB59E /* LaunchScreen.storyboard in Resources */,
				0E0EE39323E2DB97008EB59E /* Assets.xcassets in Resources */,
				0E0EE39123E2DB97008EB59E /* Main.storyboard in Resources */,
			);
			runOnlyForDeploymentPostprocessing = 0;
		};
/* End PBXResourcesBuildPhase section */

/* Begin PBXSourcesBuildPhase section */
		0E0EE38223E2DB97008EB59E /* Sources */ = {
			isa = PBXSourcesBuildPhase;
			buildActionMask = 2147483647;
			files = (
				0E0EE38E23E2DB97008EB59E /* ViewController.swift in Sources */,
				0E0EE38A23E2DB97008EB59E /* AppDelegate.swift in Sources */,
				0E0EE38C23E2DB97008EB59E /* SceneDelegate.swift in Sources */,
			);
			runOnlyForDeploymentPostprocessing = 0;
		};
/* End PBXSourcesBuildPhase section */

/* Begin PBXVariantGroup section */
		0E0EE38F23E2DB97008EB59E /* Main.storyboard */ = {
			isa = PBXVariantGroup;
			children = (
				0E0EE39023E2DB97008EB59E /* Base */,
			);
			name = Main.storyboard;
			sourceTree = "<group>";
		};
		0E0EE39423E2DB97008EB59E /* LaunchScreen.storyboard */ = {
			isa = PBXVariantGroup;
			children = (
				0E0EE39523E2DB97008EB59E /* Base */,
			);
			name = LaunchScreen.storyboard;
			sourceTree = "<group>";
		};
/* End PBXVariantGroup section */

/* Begin XCBuildConfiguration section */
		0E0EE39823E2DB97008EB59E /* Debug */ = {
			isa = XCBuildConfiguration;
			buildSettings = {
				ALWAYS_SEARCH_USER_PATHS = NO;
				CLANG_ANALYZER_NONNULL = YES;
				CLANG_ANALYZER_NUMBER_OBJECT_CONVERSION = YES_AGGRESSIVE;
				CLANG_CXX_LANGUAGE_STANDARD = "gnu++14";
				CLANG_CXX_LIBRARY = "libc++";
				CLANG_ENABLE_MODULES = YES;
				CLANG_ENABLE_OBJC_ARC = YES;
				CLANG_ENABLE_OBJC_WEAK = YES;
				CLANG_WARN_BLOCK_CAPTURE_AUTORELEASING = YES;
				CLANG_WARN_BOOL_CONVERSION = YES;
				CLANG_WARN_COMMA = YES;
				CLANG_WARN_CONSTANT_CONVERSION = YES;
				CLANG_WARN_DEPRECATED_OBJC_IMPLEMENTATIONS = YES;
				CLANG_WARN_DIRECT_OBJC_ISA_USAGE = YES_ERROR;
				CLANG_WARN_DOCUMENTATION_COMMENTS = YES;
				CLANG_WARN_EMPTY_BODY = YES;
				CLANG_WARN_ENUM_CONVERSION = YES;
				CLANG_WARN_INFINITE_RECURSION = YES;
				CLANG_WARN_INT_CONVERSION = YES;
				CLANG_WARN_NON_LITERAL_NULL_CONVERSION = YES;
				CLANG_WARN_OBJC_IMPLICIT_RETAIN_SELF = YES;
				CLANG_WARN_OBJC_LITERAL_CONVERSION = YES;
				CLANG_WARN_OBJC_ROOT_CLASS = YES_ERROR;
				CLANG_WARN_RANGE_LOOP_ANALYSIS = YES;
				CLANG_WARN_STRICT_PROTOTYPES = YES;
				CLANG_WARN_SUSPICIOUS_MOVE = YES;
				CLANG_WARN_UNGUARDED_AVAILABILITY = YES_AGGRESSIVE;
				CLANG_WARN_UNREACHABLE_CODE = YES;
				CLANG_WARN__DUPLICATE_METHOD_MATCH = YES;
				COPY_PHASE_STRIP = NO;
				DEBUG_INFORMATION_FORMAT = dwarf;
				ENABLE_STRICT_OBJC_MSGSEND = YES;
				ENABLE_TESTABILITY = YES;
				GCC_C_LANGUAGE_STANDARD = gnu11;
				GCC_DYNAMIC_NO_PIC = NO;
				GCC_NO_COMMON_BLOCKS = YES;
				GCC_OPTIMIZATION_LEVEL = 0;
				GCC_PREPROCESSOR_DEFINITIONS = (
					"DEBUG=1",
					"$(inherited)",
				);
				GCC_WARN_64_TO_32_BIT_CONVERSION = YES;
				GCC_WARN_ABOUT_RETURN_TYPE = YES_ERROR;
				GCC_WARN_UNDECLARED_SELECTOR = YES;
				GCC_WARN_UNINITIALIZED_AUTOS = YES_AGGRESSIVE;
				GCC_WARN_UNUSED_FUNCTION = YES;
				GCC_WARN_UNUSED_VARIABLE = YES;
				IPHONEOS_DEPLOYMENT_TARGET = 13.2;
				MTL_ENABLE_DEBUG_INFO = INCLUDE_SOURCE;
				MTL_FAST_MATH = YES;
				ONLY_ACTIVE_ARCH = YES;
				SDKROOT = iphoneos;
				SWIFT_ACTIVE_COMPILATION_CONDITIONS = DEBUG;
				SWIFT_OPTIMIZATION_LEVEL = "-Onone";
			};
			name = Debug;
		};
		0E0EE39923E2DB97008EB59E /* Release */ = {
			isa = XCBuildConfiguration;
			buildSettings = {
				ALWAYS_SEARCH_USER_PATHS = NO;
				CLANG_ANALYZER_NONNULL = YES;
				CLANG_ANALYZER_NUMBER_OBJECT_CONVERSION = YES_AGGRESSIVE;
				CLANG_CXX_LANGUAGE_STANDARD = "gnu++14";
				CLANG_CXX_LIBRARY = "libc++";
				CLANG_ENABLE_MODULES = YES;
				CLANG_ENABLE_OBJC_ARC = YES;
				CLANG_ENABLE_OBJC_WEAK = YES;
				CLANG_WARN_BLOCK_CAPTURE_AUTORELEASING = YES;
				CLANG_WARN_BOOL_CONVERSION = YES;
				CLANG_WARN_COMMA = YES;
				CLANG_WARN_CONSTANT_CONVERSION = YES;
				CLANG_WARN_DEPRECATED_OBJC_IMPLEMENTATIONS = YES;
				CLANG_WARN_DIRECT_OBJC_ISA_USAGE = YES_ERROR;
				CLANG_WARN_DOCUMENTATION_COMMENTS = YES;
				CLANG_WARN_EMPTY_BODY = YES;
				CLANG_WARN_ENUM_CONVERSION = YES;
				CLANG_WARN_INFINITE_RECURSION = YES;
				CLANG_WARN_INT_CONVERSION = YES;
				CLANG_WARN_NON_LITERAL_NULL_CONVERSION = YES;
				CLANG_WARN_OBJC_IMPLICIT_RETAIN_SELF = YES;
				CLANG_WARN_OBJC_LITERAL_CONVERSION = YES;
				CLANG_WARN_OBJC_ROOT_CLASS = YES_ERROR;
				CLANG_WARN_RANGE_LOOP_ANALYSIS = YES;
				CLANG_WARN_STRICT_PROTOTYPES = YES;
				CLANG_WARN_SUSPICIOUS_MOVE = YES;
				CLANG_WARN_UNGUARDED_AVAILABILITY = YES_AGGRESSIVE;
				CLANG_WARN_UNREACHABLE_CODE = YES;
				CLANG_WARN__DUPLICATE_METHOD_MATCH = YES;
				COPY_PHASE_STRIP = NO;
				DEBUG_INFORMATION_FORMAT = "dwarf-with-dsym";
				ENABLE_NS_ASSERTIONS = NO;
				ENABLE_STRICT_OBJC_MSGSEND = YES;
				GCC_C_LANGUAGE_STANDARD = gnu11;
				GCC_NO_COMMON_BLOCKS = YES;
				GCC_WARN_64_TO_32_BIT_CONVERSION = YES;
				GCC_WARN_ABOUT_RETURN_TYPE = YES_ERROR;
				GCC_WARN_UNDECLARED_SELECTOR = YES;
				GCC_WARN_UNINITIALIZED_AUTOS = YES_AGGRESSIVE;
				GCC_WARN_UNUSED_FUNCTION = YES;
				GCC_WARN_UNUSED_VARIABLE = YES;
				IPHONEOS_DEPLOYMENT_TARGET = 13.2;
				MTL_ENABLE_DEBUG_INFO = NO;
				MTL_FAST_MATH = YES;
				SDKROOT = iphoneos;
				SWIFT_COMPILATION_MODE = wholemodule;
				SWIFT_OPTIMIZATION_LEVEL = "-O";
				VALIDATE_PRODUCT = YES;
			};
			name = Release;
		};
		0E0EE39B23E2DB97008EB59E /* Debug */ = {
			isa = XCBuildConfiguration;
			buildSettings = {
				ASSETCATALOG_COMPILER_APPICON_NAME = AppIcon;
				CODE_SIGN_STYLE = Automatic;
				DEVELOPMENT_TEAM = UVK42XXF4U;
				EMBED_ASSET_PACKS_IN_PRODUCT_BUNDLE = NO;
				FRAMEWORK_SEARCH_PATHS = (
					"$(inherited)",
					"$(PROJECT_DIR)/customPayment",
				);
				INFOPLIST_FILE = customPayment/Info.plist;
				IPHONEOS_DEPLOYMENT_TARGET = 13.0;
				LD_RUNPATH_SEARCH_PATHS = (
					"$(inherited)",
					"@executable_path/Frameworks",
				);
				PRODUCT_BUNDLE_IDENTIFIER = com.apoxeo.customPayment;
				PRODUCT_NAME = "$(TARGET_NAME)";
				SWIFT_VERSION = 4.2;
				TARGETED_DEVICE_FAMILY = 1;
			};
			name = Debug;
		};
		0E0EE39C23E2DB97008EB59E /* Release */ = {
			isa = XCBuildConfiguration;
			buildSettings = {
				ASSETCATALOG_COMPILER_APPICON_NAME = AppIcon;
				CODE_SIGN_STYLE = Automatic;
				DEVELOPMENT_TEAM = UVK42XXF4U;
				EMBED_ASSET_PACKS_IN_PRODUCT_BUNDLE = NO;
				FRAMEWORK_SEARCH_PATHS = (
					"$(inherited)",
					"$(PROJECT_DIR)/customPayment",
				);
				INFOPLIST_FILE = customPayment/Info.plist;
				IPHONEOS_DEPLOYMENT_TARGET = 13.0;
				LD_RUNPATH_SEARCH_PATHS = (
					"$(inherited)",
					"@executable_path/Frameworks",
				);
				PRODUCT_BUNDLE_IDENTIFIER = com.apoxeo.customPayment;
				PRODUCT_NAME = "$(TARGET_NAME)";
				SWIFT_VERSION = 4.2;
				TARGETED_DEVICE_FAMILY = 1;
			};
			name = Release;
		};
/* End XCBuildConfiguration section */

/* Begin XCConfigurationList section */
		0E0EE38123E2DB97008EB59E /* Build configuration list for PBXProject "customPayment" */ = {
			isa = XCConfigurationList;
			buildConfigurations = (
				0E0EE39823E2DB97008EB59E /* Debug */,
				0E0EE39923E2DB97008EB59E /* Release */,
			);
			defaultConfigurationIsVisible = 0;
			defaultConfigurationName = Release;
		};
		0E0EE39A23E2DB97008EB59E /* Build configuration list for PBXNativeTarget "customPayment" */ = {
			isa = XCConfigurationList;
			buildConfigurations = (
				0E0EE39B23E2DB97008EB59E /* Debug */,
				0E0EE39C23E2DB97008EB59E /* Release */,
			);
			defaultConfigurationIsVisible = 0;
			defaultConfigurationName = Release;
		};
/* End XCConfigurationList section */
	};
	rootObject = 0E0EE37E23E2DB97008EB59E /* Project object */;
}
